
Microsoft Visual Studio Solution File, Format Version 12.00
# Visual Studio Version 17
VisualStudioVersion = 17.11.35327.3
MinimumVisualStudioVersion = 10.0.40219.1
Project("{FAE04EC0-301F-11D3-BF4B-00C04F79EFBC}") = "WPFDemo_1746", "WPFDemo_1746\WPFDemo_1746.csproj", "{23DB8A0E-E477-4831-9E0F-3D236AA7648D}"
EndProject
Project("{2150E333-8FDC-42A3-9474-1A3956D46DE8}") = "方案項目", "方案項目", "{78AF601F-32E1-45EF-9118-8642BC54017A}"
EndProject
Global
	GlobalSection(SolutionConfigurationPlatforms) = preSolution
		Debug|Any CPU = Debug|Any CPU
		Release|Any CPU = Release|Any CPU
	EndGlobalSection
	GlobalSection(ProjectConfigurationPlatforms) = postSolution
		{23DB8A0E-E477-4831-9E0F-3D236AA7648D}.Debug|Any CPU.ActiveCfg = Debug|Any CPU
		{23DB8A0E-E477-4831-9E0F-3D236AA7648D}.Debug|Any CPU.Build.0 = Debug|Any CPU
		{23DB8A0E-E477-4831-9E0F-3D236AA7648D}.Release|Any CPU.ActiveCfg = Release|Any CPU
		{23DB8A0E-E477-4831-9E0F-3D236AA7648D}.Release|Any CPU.Build.0 = Release|Any CPU
	EndGlobalSection
	GlobalSection(SolutionProperties) = preSolution
		HideSolutionNode = FALSE
	EndGlobalSection
	GlobalSection(ExtensibilityGlobals) = postSolution
		SolutionGuid = {AADFAC18-475F-43FD-AC16-9B48FBF16BC5}
	EndGlobalSection
EndGlobal
